// !$*UTF8*$!
{
	archiveVersion = 1;
	classes = {
	};
	objectVersion = 46;
	objects = {

/* Begin PBXBuildFile section */
		36824A5B1B159CDD0024B871 /* main.m in Sources */ = {isa = PBXBuildFile; fileRef = 36824A5A1B159CDD0024B871 /* main.m */; };
		36824A5E1B159CDD0024B871 /* AppDelegate.m in Sources */ = {isa = PBXBuildFile; fileRef = 36824A5D1B159CDD0024B871 /* AppDelegate.m */; };
		36824A641B159CDD0024B871 /* Main.storyboard in Resources */ = {isa = PBXBuildFile; fileRef = 36824A621B159CDD0024B871 /* Main.storyboard */; };
		36824A661B159CDD0024B871 /* Images.xcassets in Resources */ = {isa = PBXBuildFile; fileRef = 36824A651B159CDD0024B871 /* Images.xcassets */; };
		36824A691B159CDD0024B871 /* LaunchScreen.xib in Resources */ = {isa = PBXBuildFile; fileRef = 36824A671B159CDD0024B871 /* LaunchScreen.xib */; };
		36824A751B159CDD0024B871 /* tablesearchTests.m in Sources */ = {isa = PBXBuildFile; fileRef = 36824A741B159CDD0024B871 /* tablesearchTests.m */; };
		36824A801B159D3F0024B871 /* TMTPatient.m in Sources */ = {isa = PBXBuildFile; fileRef = 36824A7F1B159D3F0024B871 /* TMTPatient.m */; };
		36824A841B159E260024B871 /* TableViewController.m in Sources */ = {isa = PBXBuildFile; fileRef = 36824A831B159E260024B871 /* TableViewController.m */; };
		36824A8B1B15F6D40024B871 /* TableViewCell.m in Sources */ = {isa = PBXBuildFile; fileRef = 36824A8A1B15F6D40024B871 /* TableViewCell.m */; };
/* End PBXBuildFile section */

/* Begin PBXContainerItemProxy section */
		36824A6F1B159CDD0024B871 /* PBXContainerItemProxy */ = {
			isa = PBXContainerItemProxy;
			containerPortal = 36824A4D1B159CDD0024B871 /* Project object */;
			proxyType = 1;
			remoteGlobalIDString = 36824A541B159CDD0024B871;
			remoteInfo = tablesearch;
		};
/* End PBXContainerItemProxy section */

/* Begin PBXFileReference section */
		36824A551B159CDD0024B871 /* tablesearch.app */ = {isa = PBXFileReference; explicitFileType = wrapper.application; includeInIndex = 0; path = tablesearch.app; sourceTree = BUILT_PRODUCTS_DIR; };
		36824A591B159CDD0024B871 /* Info.plist */ = {isa = PBXFileReference; lastKnownFileType = text.plist.xml; path = Info.plist; sourceTree = "<group>"; };
		36824A5A1B159CDD0024B871 /* main.m */ = {isa = PBXFileReference; lastKnownFileType = sourcecode.c.objc; path = main.m; sourceTree = "<group>"; };
		36824A5C1B159CDD0024B871 /* AppDelegate.h */ = {isa = PBXFileReference; lastKnownFileType = sourcecode.c.h; path = AppDelegate.h; sourceTree = "<group>"; };
		36824A5D1B159CDD0024B871 /* AppDelegate.m */ = {isa = PBXFileReference; lastKnownFileType = sourcecode.c.objc; path = AppDelegate.m; sourceTree = "<group>"; };
		36824A631B159CDD0024B871 /* Base */ = {isa = PBXFileReference; lastKnownFileType = file.storyboard; name = Base; path = Base.lproj/Main.storyboard; sourceTree = "<group>"; };
		36824A651B159CDD0024B871 /* Images.xcassets */ = {isa = PBXFileReference; lastKnownFileType = folder.assetcatalog; path = Images.xcassets; sourceTree = "<group>"; };
		36824A681B159CDD0024B871 /* Base */ = {isa = PBXFileReference; lastKnownFileType = file.xib; name = Base; path = Base.lproj/LaunchScreen.xib; sourceTree = "<group>"; };
		36824A6E1B159CDD0024B871 /* tablesearchTests.xctest */ = {isa = PBXFileReference; explicitFileType = wrapper.cfbundle; includeInIndex = 0; path = tablesearchTests.xctest; sourceTree = BUILT_PRODUCTS_DIR; };
		36824A731B159CDD0024B871 /* Info.plist */ = {isa = PBXFileReference; lastKnownFileType = text.plist.xml; path = Info.plist; sourceTree = "<group>"; };
		36824A741B159CDD0024B871 /* tablesearchTests.m */ = {isa = PBXFileReference; lastKnownFileType = sourcecode.c.objc; path = tablesearchTests.m; sourceTree = "<group>"; };
		36824A7E1B159D3F0024B871 /* TMTPatient.h */ = {isa = PBXFileReference; fileEncoding = 4; lastKnownFileType = sourcecode.c.h; path = TMTPatient.h; sourceTree = "<group>"; };
		36824A7F1B159D3F0024B871 /* TMTPatient.m */ = {isa = PBXFileReference; fileEncoding = 4; lastKnownFileType = sourcecode.c.objc; path = TMTPatient.m; sourceTree = "<group>"; };
		36824A821B159E260024B871 /* TableViewController.h */ = {isa = PBXFileReference; fileEncoding = 4; lastKnownFileType = sourcecode.c.h; path = TableViewController.h; sourceTree = "<group>"; };
		36824A831B159E260024B871 /* TableViewController.m */ = {isa = PBXFileReference; fileEncoding = 4; lastKnownFileType = sourcecode.c.objc; path = TableViewController.m; sourceTree = "<group>"; };
		36824A891B15F6D40024B871 /* TableViewCell.h */ = {isa = PBXFileReference; fileEncoding = 4; lastKnownFileType = sourcecode.c.h; path = TableViewCell.h; sourceTree = "<group>"; };
		36824A8A1B15F6D40024B871 /* TableViewCell.m */ = {isa = PBXFileReference; fileEncoding = 4; lastKnownFileType = sourcecode.c.objc; path = TableViewCell.m; sourceTree = "<group>"; };
/* End PBXFileReference section */

/* Begin PBXFrameworksBuildPhase section */
		36824A521B159CDD0024B871 /* Frameworks */ = {
			isa = PBXFrameworksBuildPhase;
			buildActionMask = 2147483647;
			files = (
			);
			runOnlyForDeploymentPostprocessing = 0;
		};
		36824A6B1B159CDD0024B871 /* Frameworks */ = {
			isa = PBXFrameworksBuildPhase;
			buildActionMask = 2147483647;
			files = (
			);
			runOnlyForDeploymentPostprocessing = 0;
		};
/* End PBXFrameworksBuildPhase section */

/* Begin PBXGroup section */
		36824A4C1B159CDD0024B871 = {
			isa = PBXGroup;
			children = (
				36824A571B159CDD0024B871 /* tablesearch */,
				36824A711B159CDD0024B871 /* tablesearchTests */,
				36824A561B159CDD0024B871 /* Products */,
			);
			sourceTree = "<group>";
		};
		36824A561B159CDD0024B871 /* Products */ = {
			isa = PBXGroup;
			children = (
				36824A551B159CDD0024B871 /* tablesearch.app */,
				36824A6E1B159CDD0024B871 /* tablesearchTests.xctest */,
			);
			name = Products;
			sourceTree = "<group>";
		};
		36824A571B159CDD0024B871 /* tablesearch */ = {
			isa = PBXGroup;
			children = (
				36824A811B159D480024B871 /* Model */,
				36824A5C1B159CDD0024B871 /* AppDelegate.h */,
				36824A5D1B159CDD0024B871 /* AppDelegate.m */,
				36824A821B159E260024B871 /* TableViewController.h */,
				36824A831B159E260024B871 /* TableViewController.m */,
				36824A891B15F6D40024B871 /* TableViewCell.h */,
				36824A8A1B15F6D40024B871 /* TableViewCell.m */,
				36824A621B159CDD0024B871 /* Main.storyboard */,
				36824A651B159CDD0024B871 /* Images.xcassets */,
				36824A671B159CDD0024B871 /* LaunchScreen.xib */,
				36824A581B159CDD0024B871 /* Supporting Files */,
			);
			path = tablesearch;
			sourceTree = "<group>";
		};
		36824A581B159CDD0024B871 /* Supporting Files */ = {
			isa = PBXGroup;
			children = (
				36824A591B159CDD0024B871 /* Info.plist */,
				36824A5A1B159CDD0024B871 /* main.m */,
			);
			name = "Supporting Files";
			sourceTree = "<group>";
		};
		36824A711B159CDD0024B871 /* tablesearchTests */ = {
			isa = PBXGroup;
			children = (
				36824A741B159CDD0024B871 /* tablesearchTests.m */,
				36824A721B159CDD0024B871 /* Supporting Files */,
			);
			path = tablesearchTests;
			sourceTree = "<group>";
		};
		36824A721B159CDD0024B871 /* Supporting Files */ = {
			isa = PBXGroup;
			children = (
				36824A731B159CDD0024B871 /* Info.plist */,
			);
			name = "Supporting Files";
			sourceTree = "<group>";
		};
		36824A811B159D480024B871 /* Model */ = {
			isa = PBXGroup;
			children = (
				36824A7E1B159D3F0024B871 /* TMTPatient.h */,
				36824A7F1B159D3F0024B871 /* TMTPatient.m */,
			);
			name = Model;
			sourceTree = "<group>";
		};
/* End PBXGroup section */

/* Begin PBXNativeTarget section */
		36824A541B159CDD0024B871 /* tablesearch */ = {
			isa = PBXNativeTarget;
			buildConfigurationList = 36824A781B159CDD0024B871 /* Build configuration list for PBXNativeTarget "tablesearch" */;
			buildPhases = (
				36824A511B159CDD0024B871 /* Sources */,
				36824A521B159CDD0024B871 /* Frameworks */,
				36824A531B159CDD0024B871 /* Resources */,
			);
			buildRules = (
			);
			dependencies = (
			);
			name = tablesearch;
			productName = tablesearch;
			productReference = 36824A551B159CDD0024B871 /* tablesearch.app */;
			productType = "com.apple.product-type.application";
		};
		36824A6D1B159CDD0024B871 /* tablesearchTests */ = {
			isa = PBXNativeTarget;
			buildConfigurationList = 36824A7B1B159CDD0024B871 /* Build configuration list for PBXNativeTarget "tablesearchTests" */;
			buildPhases = (
				36824A6A1B159CDD0024B871 /* Sources */,
				36824A6B1B159CDD0024B871 /* Frameworks */,
				36824A6C1B159CDD0024B871 /* Resources */,
			);
			buildRules = (
			);
			dependencies = (
				36824A701B159CDD0024B871 /* PBXTargetDependency */,
			);
			name = tablesearchTests;
			productName = tablesearchTests;
			productReference = 36824A6E1B159CDD0024B871 /* tablesearchTests.xctest */;
			productType = "com.apple.product-type.bundle.unit-test";
		};
/* End PBXNativeTarget section */

/* Begin PBXProject section */
		36824A4D1B159CDD0024B871 /* Project object */ = {
			isa = PBXProject;
			attributes = {
				LastUpgradeCheck = 0630;
				ORGANIZATIONNAME = eevol;
				TargetAttributes = {
					36824A541B159CDD0024B871 = {
						CreatedOnToolsVersion = 6.3.1;
					};
					36824A6D1B159CDD0024B871 = {
						CreatedOnToolsVersion = 6.3.1;
						TestTargetID = 36824A541B159CDD0024B871;
					};
				};
			};
			buildConfigurationList = 36824A501B159CDD0024B871 /* Build configuration list for PBXProject "tablesearch" */;
			compatibilityVersion = "Xcode 3.2";
			developmentRegion = English;
			hasScannedForEncodings = 0;
			knownRegions = (
				en,
				Base,
			);
			mainGroup = 36824A4C1B159CDD0024B871;
			productRefGroup = 36824A561B159CDD0024B871 /* Products */;
			projectDirPath = "";
			projectRoot = "";
			targets = (
				36824A541B159CDD0024B871 /* tablesearch */,
				36824A6D1B159CDD0024B871 /* tablesearchTests */,
			);
		};
/* End PBXProject section */

/* Begin PBXResourcesBuildPhase section */
		36824A531B159CDD0024B871 /* Resources */ = {
			isa = PBXResourcesBuildPhase;
			buildActionMask = 2147483647;
			files = (
				36824A641B159CDD0024B871 /* Main.storyboard in Resources */,
				36824A691B159CDD0024B871 /* LaunchScreen.xib in Resources */,
				36824A661B159CDD0024B871 /* Images.xcassets in Resources */,
			);
			runOnlyForDeploymentPostprocessing = 0;
		};
		36824A6C1B159CDD0024B871 /* Resources */ = {
			isa = PBXResourcesBuildPhase;
			buildActionMask = 2147483647;
			files = (
			);
			runOnlyForDeploymentPostprocessing = 0;
		};
/* End PBXResourcesBuildPhase section */

/* Begin PBXSourcesBuildPhase section */
		36824A511B159CDD0024B871 /* Sources */ = {
			isa = PBXSourcesBuildPhase;
			buildActionMask = 2147483647;
			files = (
				36824A801B159D3F0024B871 /* TMTPatient.m in Sources */,
				36824A5E1B159CDD0024B871 /* AppDelegate.m in Sources */,
				36824A5B1B159CDD0024B871 /* main.m in Sources */,
				36824A8B1B15F6D40024B871 /* TableViewCell.m in Sources */,
				36824A841B159E260024B871 /* TableViewController.m in Sources */,
			);
			runOnlyForDeploymentPostprocessing = 0;
		};
		36824A6A1B159CDD0024B871 /* Sources */ = {
			isa = PBXSourcesBuildPhase;
			buildActionMask = 2147483647;
			files = (
				36824A751B159CDD0024B871 /* tablesearchTests.m in Sources */,
			);
			runOnlyForDeploymentPostprocessing = 0;
		};
/* End PBXSourcesBuildPhase section */

/* Begin PBXTargetDependency section */
		36824A701B159CDD0024B871 /* PBXTargetDependency */ = {
			isa = PBXTargetDependency;
			target = 36824A541B159CDD0024B871 /* tablesearch */;
			targetProxy = 36824A6F1B159CDD0024B871 /* PBXContainerItemProxy */;
		};
/* End PBXTargetDependency section */

/* Begin PBXVariantGroup section */
		36824A621B159CDD0024B871 /* Main.storyboard */ = {
			isa = PBXVariantGroup;
			children = (
				36824A631B159CDD0024B871 /* Base */,
			);
			name = Main.storyboard;
			sourceTree = "<group>";
		};
		36824A671B159CDD0024B871 /* LaunchScreen.xib */ = {
			isa = PBXVariantGroup;
			children = (
				36824A681B159CDD0024B871 /* Base */,
			);
			name = LaunchScreen.xib;
			sourceTree = "<group>";
		};
/* End PBXVariantGroup section */

/* Begin XCBuildConfiguration section */
		36824A761B159CDD0024B871 /* Debug */ = {
			isa = XCBuildConfiguration;
			buildSettings = {
				ALWAYS_SEARCH_USER_PATHS = NO;
				CLANG_CXX_LANGUAGE_STANDARD = "gnu++0x";
				CLANG_CXX_LIBRARY = "libc++";
				CLANG_ENABLE_MODULES = YES;
				CLANG_ENABLE_OBJC_ARC = YES;
				CLANG_WARN_BOOL_CONVERSION = YES;
				CLANG_WARN_CONSTANT_CONVERSION = YES;
				CLANG_WARN_DIRECT_OBJC_ISA_USAGE = YES_ERROR;
				CLANG_WARN_EMPTY_BODY = YES;
				CLANG_WARN_ENUM_CONVERSION = YES;
				CLANG_WARN_INT_CONVERSION = YES;
				CLANG_WARN_OBJC_ROOT_CLASS = YES_ERROR;
				CLANG_WARN_UNREACHABLE_CODE = YES;
				CLANG_WARN__DUPLICATE_METHOD_MATCH = YES;
				"CODE_SIGN_IDENTITY[sdk=iphoneos*]" = "iPhone Developer";
				COPY_PHASE_STRIP = NO;
				DEBUG_INFORMATION_FORMAT = "dwarf-with-dsym";
				ENABLE_STRICT_OBJC_MSGSEND = YES;
				GCC_C_LANGUAGE_STANDARD = gnu99;
				GCC_DYNAMIC_NO_PIC = NO;
				GCC_NO_COMMON_BLOCKS = YES;
				GCC_OPTIMIZATION_LEVEL = 0;
				GCC_PREPROCESSOR_DEFINITIONS = (
					"DEBUG=1",
					"$(inherited)",
				);
				GCC_SYMBOLS_PRIVATE_EXTERN = NO;
				GCC_WARN_64_TO_32_BIT_CONVERSION = YES;
				GCC_WARN_ABOUT_RETURN_TYPE = YES_ERROR;
				GCC_WARN_UNDECLARED_SELECTOR = YES;
				GCC_WARN_UNINITIALIZED_AUTOS = YES_AGGRESSIVE;
				GCC_WARN_UNUSED_FUNCTION = YES;
				GCC_WARN_UNUSED_VARIABLE = YES;
				IPHONEOS_DEPLOYMENT_TARGET = 8.3;
				MTL_ENABLE_DEBUG_INFO = YES;
				ONLY_ACTIVE_ARCH = YES;
				SDKROOT = iphoneos;
				TARGETED_DEVICE_FAMILY = "1,2";
			};
			name = Debug;
		};
		36824A771B159CDD0024B871 /* Release */ = {
			isa = XCBuildConfiguration;
			buildSettings = {
				ALWAYS_SEARCH_USER_PATHS = NO;
				CLANG_CXX_LANGUAGE_STANDARD = "gnu++0x";
				CLANG_CXX_LIBRARY = "libc++";
				CLANG_ENABLE_MODULES = YES;
				CLANG_ENABLE_OBJC_ARC = YES;
				CLANG_WARN_BOOL_CONVERSION = YES;
				CLANG_WARN_CONSTANT_CONVERSION = YES;
				CLANG_WARN_DIRECT_OBJC_ISA_USAGE = YES_ERROR;
				CLANG_WARN_EMPTY_BODY = YES;
				CLANG_WARN_ENUM_CONVERSION = YES;
				CLANG_WARN_INT_CONVERSION = YES;
				CLANG_WARN_OBJC_ROOT_CLASS = YES_ERROR;
				CLANG_WARN_UNREACHABLE_CODE = YES;
				CLANG_WARN__DUPLICATE_METHOD_MATCH = YES;
				"CODE_SIGN_IDENTITY[sdk=iphoneos*]" = "iPhone Developer";
				COPY_PHASE_STRIP = NO;
				DEBUG_INFORMATION_FORMAT = "dwarf-with-dsym";
				ENABLE_NS_ASSERTIONS = NO;
				ENABLE_STRICT_OBJC_MSGSEND = YES;
				GCC_C_LANGUAGE_STANDARD = gnu99;
				GCC_NO_COMMON_BLOCKS = YES;
				GCC_WARN_64_TO_32_BIT_CONVERSION = YES;
				GCC_WARN_ABOUT_RETURN_TYPE = YES_ERROR;
				GCC_WARN_UNDECLARED_SELECTOR = YES;
				GCC_WARN_UNINITIALIZED_AUTOS = YES_AGGRESSIVE;
				GCC_WARN_UNUSED_FUNCTION = YES;
				GCC_WARN_UNUSED_VARIABLE = YES;
				IPHONEOS_DEPLOYMENT_TARGET = 8.3;
				MTL_ENABLE_DEBUG_INFO = NO;
				SDKROOT = iphoneos;
				TARGETED_DEVICE_FAMILY = "1,2";
				VALIDATE_PRODUCT = YES;
			};
			name = Release;
		};
		36824A791B159CDD0024B871 /* Debug */ = {
			isa = XCBuildConfiguration;
			buildSettings = {
				ASSETCATALOG_COMPILER_APPICON_NAME = AppIcon;
				INFOPLIST_FILE = tablesearch/Info.plist;
				LD_RUNPATH_SEARCH_PATHS = "$(inherited) @executable_path/Frameworks";
				PRODUCT_NAME = "$(TARGET_NAME)";
			};
			name = Debug;
		};
		36824A7A1B159CDD0024B871 /* Release */ = {
			isa = XCBuildConfiguration;
			buildSettings = {
				ASSETCATALOG_COMPILER_APPICON_NAME = AppIcon;
				INFOPLIST_FILE = tablesearch/Info.plist;
				LD_RUNPATH_SEARCH_PATHS = "$(inherited) @executable_path/Frameworks";
				PRODUCT_NAME = "$(TARGET_NAME)";
			};
			name = Release;
		};
		36824A7C1B159CDD0024B871 /* Debug */ = {
			isa = XCBuildConfiguration;
			buildSettings = {
				BUNDLE_LOADER = "$(TEST_HOST)";
				FRAMEWORK_SEARCH_PATHS = (
					"$(SDKROOT)/Developer/Library/Frameworks",
					"$(inherited)",
				);
				GCC_PREPROCESSOR_DEFINITIONS = (
					"DEBUG=1",
					"$(inherited)",
				);
				INFOPLIST_FILE = tablesearchTests/Info.plist;
				LD_RUNPATH_SEARCH_PATHS = "$(inherited) @executable_path/Frameworks @loader_path/Frameworks";
				PRODUCT_NAME = "$(TARGET_NAME)";
				TEST_HOST = "$(BUILT_PRODUCTS_DIR)/tablesearch.app/tablesearch";
			};
			name = Debug;
		};
		36824A7D1B159CDD0024B871 /* Release */ = {
			isa = XCBuildConfiguration;
			buildSettings = {
				BUNDLE_LOADER = "$(TEST_HOST)";
				FRAMEWORK_SEARCH_PATHS = (
					"$(SDKROOT)/Developer/Library/Frameworks",
					"$(inherited)",
				);
				INFOPLIST_FILE = tablesearchTests/Info.plist;
				LD_RUNPATH_SEARCH_PATHS = "$(inherited) @executable_path/Frameworks @loader_path/Frameworks";
				PRODUCT_NAME = "$(TARGET_NAME)";
				TEST_HOST = "$(BUILT_PRODUCTS_DIR)/tablesearch.app/tablesearch";
			};
			name = Release;
		};
/* End XCBuildConfiguration section */

/* Begin XCConfigurationList section */
		36824A501B159CDD0024B871 /* Build configuration list for PBXProject "tablesearch" */ = {
			isa = XCConfigurationList;
			buildConfigurations = (
				36824A761B159CDD0024B871 /* Debug */,
				36824A771B159CDD0024B871 /* Release */,
			);
			defaultConfigurationIsVisible = 0;
			defaultConfigurationName = Release;
		};
		36824A781B159CDD0024B871 /* Build configuration list for PBXNativeTarget "tablesearch" */ = {
			isa = XCConfigurationList;
			buildConfigurations = (
				36824A791B159CDD0024B871 /* Debug */,
				36824A7A1B159CDD0024B871 /* Release */,
			);
			defaultConfigurationIsVisible = 0;
			defaultConfigurationName = Release;
		};
		36824A7B1B159CDD0024B871 /* Build configuration list for PBXNativeTarget "tablesearchTests" */ = {
			isa = XCConfigurationList;
			buildConfigurations = (
				36824A7C1B159CDD0024B871 /* Debug */,
				36824A7D1B159CDD0024B871 /* Release */,
			);
			defaultConfigurationIsVisible = 0;
			defaultConfigurationName = Release;
		};
/* End XCConfigurationList section */
	};
	rootObject = 36824A4D1B159CDD0024B871 /* Project object */;
}
